
Microsoft Visual Studio Solution File, Format Version 12.00
# Visual Studio Version 16
VisualStudioVersion = 16.0.29519.181
MinimumVisualStudioVersion = 10.0.40219.1
Project("{FAE04EC0-301F-11D3-BF4B-00C04F79EFBC}") = "kararvermeteknikleri", "WindowsFormsApp3\kararvermeteknikleri.csproj", "{094CDB9F-ADD4-4DBC-B59E-E33ABAF56297}"
EndProject
Global
	GlobalSection(SolutionConfigurationPlatforms) = preSolution
		Debug|Any CPU = Debug|Any CPU
		Release|Any CPU = Release|Any CPU
	EndGlobalSection
	GlobalSection(ProjectConfigurationPlatforms) = postSolution
		{094CDB9F-ADD4-4DBC-B59E-E33ABAF56297}.Debug|Any CPU.ActiveCfg = Debug|Any CPU
		{094CDB9F-ADD4-4DBC-B59E-E33ABAF56297}.Debug|Any CPU.Build.0 = Debug|Any CPU
		{094CDB9F-ADD4-4DBC-B59E-E33ABAF56297}.Release|Any CPU.ActiveCfg = Release|Any CPU
		{094CDB9F-ADD4-4DBC-B59E-E33ABAF56297}.Release|Any CPU.Build.0 = Release|Any CPU
	EndGlobalSection
	GlobalSection(SolutionProperties) = preSolution
		HideSolutionNode = FALSE
	EndGlobalSection
	GlobalSection(ExtensibilityGlobals) = postSolution
		SolutionGuid = {3803D074-F20A-485B-B83F-6E7516E4E78F}
	EndGlobalSection
EndGlobal
